// !$*UTF8*$!
{
	archiveVersion = 1;
	classes = {
	};
	objectVersion = 56;
	objects = {

/* Begin PBXBuildFile section */
		8D73803D295F667D009CD9F2 /* Array+Extensions.swift in Sources */ = {isa = PBXBuildFile; fileRef = 8D73803C295F667D009CD9F2 /* Array+Extensions.swift */; };
		8D842BA1294B89410043F109 /* HelloTodoApp.swift in Sources */ = {isa = PBXBuildFile; fileRef = 8D842BA0294B89410043F109 /* HelloTodoApp.swift */; };
		8D842BA5294B89420043F109 /* Assets.xcassets in Resources */ = {isa = PBXBuildFile; fileRef = 8D842BA4294B89420043F109 /* Assets.xcassets */; };
		8D842BA8294B89420043F109 /* Preview Assets.xcassets in Resources */ = {isa = PBXBuildFile; fileRef = 8D842BA7294B89420043F109 /* Preview Assets.xcassets */; };
		8D842BB1294B8B1A0043F109 /* TodoListScreen.swift in Sources */ = {isa = PBXBuildFile; fileRef = 8D842BB0294B8B1A0043F109 /* TodoListScreen.swift */; };
		8D842BB4294B8BB00043F109 /* TaskItem.swift in Sources */ = {isa = PBXBuildFile; fileRef = 8D842BB3294B8BB00043F109 /* TaskItem.swift */; };
		8D842BB6294B8C5C0043F109 /* Model.swift in Sources */ = {isa = PBXBuildFile; fileRef = 8D842BB5294B8C5C0043F109 /* Model.swift */; };
		8D9BF957295DE6BA0047FDFB /* ErrorWrapper.swift in Sources */ = {isa = PBXBuildFile; fileRef = 8D9BF956295DE6BA0047FDFB /* ErrorWrapper.swift */; };
		8D9BF959295DE6FD0047FDFB /* ErrorView.swift in Sources */ = {isa = PBXBuildFile; fileRef = 8D9BF958295DE6FD0047FDFB /* ErrorView.swift */; };
		8DAFA9942950D24F00361425 /* TaskListView.swift in Sources */ = {isa = PBXBuildFile; fileRef = 8DAFA9932950D24F00361425 /* TaskListView.swift */; };
		8DAFA9962950D2F700361425 /* TaskItemView.swift in Sources */ = {isa = PBXBuildFile; fileRef = 8DAFA9952950D2F700361425 /* TaskItemView.swift */; };
/* End PBXBuildFile section */

/* Begin PBXFileReference section */
		8D73803C295F667D009CD9F2 /* Array+Extensions.swift */ = {isa = PBXFileReference; lastKnownFileType = sourcecode.swift; path = "Array+Extensions.swift"; sourceTree = "<group>"; };
		8D842B9D294B89410043F109 /* HelloTodo.app */ = {isa = PBXFileReference; explicitFileType = wrapper.application; includeInIndex = 0; path = HelloTodo.app; sourceTree = BUILT_PRODUCTS_DIR; };
		8D842BA0294B89410043F109 /* HelloTodoApp.swift */ = {isa = PBXFileReference; lastKnownFileType = sourcecode.swift; path = HelloTodoApp.swift; sourceTree = "<group>"; };
		8D842BA4294B89420043F109 /* Assets.xcassets */ = {isa = PBXFileReference; lastKnownFileType = folder.assetcatalog; path = Assets.xcassets; sourceTree = "<group>"; };
		8D842BA7294B89420043F109 /* Preview Assets.xcassets */ = {isa = PBXFileReference; lastKnownFileType = folder.assetcatalog; path = "Preview Assets.xcassets"; sourceTree = "<group>"; };
		8D842BAE294B8A260043F109 /* HelloTodo.entitlements */ = {isa = PBXFileReference; lastKnownFileType = text.plist.entitlements; path = HelloTodo.entitlements; sourceTree = "<group>"; };
		8D842BB0294B8B1A0043F109 /* TodoListScreen.swift */ = {isa = PBXFileReference; lastKnownFileType = sourcecode.swift; path = TodoListScreen.swift; sourceTree = "<group>"; };
		8D842BB3294B8BB00043F109 /* TaskItem.swift */ = {isa = PBXFileReference; lastKnownFileType = sourcecode.swift; path = TaskItem.swift; sourceTree = "<group>"; };
		8D842BB5294B8C5C0043F109 /* Model.swift */ = {isa = PBXFileReference; lastKnownFileType = sourcecode.swift; path = Model.swift; sourceTree = "<group>"; };
		8D9BF956295DE6BA0047FDFB /* ErrorWrapper.swift */ = {isa = PBXFileReference; lastKnownFileType = sourcecode.swift; path = ErrorWrapper.swift; sourceTree = "<group>"; };
		8D9BF958295DE6FD0047FDFB /* ErrorView.swift */ = {isa = PBXFileReference; lastKnownFileType = sourcecode.swift; path = ErrorView.swift; sourceTree = "<group>"; };
		8DAFA9932950D24F00361425 /* TaskListView.swift */ = {isa = PBXFileReference; lastKnownFileType = sourcecode.swift; path = TaskListView.swift; sourceTree = "<group>"; };
		8DAFA9952950D2F700361425 /* TaskItemView.swift */ = {isa = PBXFileReference; lastKnownFileType = sourcecode.swift; path = TaskItemView.swift; sourceTree = "<group>"; };
/* End PBXFileReference section */

/* Begin PBXFrameworksBuildPhase section */
		8D842B9A294B89410043F109 /* Frameworks */ = {
			isa = PBXFrameworksBuildPhase;
			buildActionMask = 2147483647;
			files = (
			);
			runOnlyForDeploymentPostprocessing = 0;
		};
/* End PBXFrameworksBuildPhase section */

/* Begin PBXGroup section */
		8D73803B295F6668009CD9F2 /* Extensions */ = {
			isa = PBXGroup;
			children = (
				8D73803C295F667D009CD9F2 /* Array+Extensions.swift */,
			);
			path = Extensions;
			sourceTree = "<group>";
		};
		8D842B94294B89410043F109 = {
			isa = PBXGroup;
			children = (
				8D842B9F294B89410043F109 /* HelloTodo */,
				8D842B9E294B89410043F109 /* Products */,
			);
			sourceTree = "<group>";
		};
		8D842B9E294B89410043F109 /* Products */ = {
			isa = PBXGroup;
			children = (
				8D842B9D294B89410043F109 /* HelloTodo.app */,
			);
			name = Products;
			sourceTree = "<group>";
		};
		8D842B9F294B89410043F109 /* HelloTodo */ = {
			isa = PBXGroup;
			children = (
				8D73803B295F6668009CD9F2 /* Extensions */,
				8DAFA9922950D24000361425 /* Views */,
				8D842BB2294B8BA10043F109 /* Models */,
				8D842BAF294B8B080043F109 /* Screens */,
				8D842BAE294B8A260043F109 /* HelloTodo.entitlements */,
				8D842BA0294B89410043F109 /* HelloTodoApp.swift */,
				8D842BA4294B89420043F109 /* Assets.xcassets */,
				8D842BA6294B89420043F109 /* Preview Content */,
			);
			path = HelloTodo;
			sourceTree = "<group>";
		};
		8D842BA6294B89420043F109 /* Preview Content */ = {
			isa = PBXGroup;
			children = (
				8D842BA7294B89420043F109 /* Preview Assets.xcassets */,
			);
			path = "Preview Content";
			sourceTree = "<group>";
		};
		8D842BAF294B8B080043F109 /* Screens */ = {
			isa = PBXGroup;
			children = (
				8D842BB0294B8B1A0043F109 /* TodoListScreen.swift */,
			);
			path = Screens;
			sourceTree = "<group>";
		};
		8D842BB2294B8BA10043F109 /* Models */ = {
			isa = PBXGroup;
			children = (
				8D842BB3294B8BB00043F109 /* TaskItem.swift */,
				8D842BB5294B8C5C0043F109 /* Model.swift */,
				8D9BF956295DE6BA0047FDFB /* ErrorWrapper.swift */,
			);
			path = Models;
			sourceTree = "<group>";
		};
		8DAFA9922950D24000361425 /* Views */ = {
			isa = PBXGroup;
			children = (
				8DAFA9932950D24F00361425 /* TaskListView.swift */,
				8DAFA9952950D2F700361425 /* TaskItemView.swift */,
				8D9BF958295DE6FD0047FDFB /* ErrorView.swift */,
			);
			path = Views;
			sourceTree = "<group>";
		};
/* End PBXGroup section */

/* Begin PBXNativeTarget section */
		8D842B9C294B89410043F109 /* HelloTodo */ = {
			isa = PBXNativeTarget;
			buildConfigurationList = 8D842BAB294B89420043F109 /* Build configuration list for PBXNativeTarget "HelloTodo" */;
			buildPhases = (
				8D842B99294B89410043F109 /* Sources */,
				8D842B9A294B89410043F109 /* Frameworks */,
				8D842B9B294B89410043F109 /* Resources */,
			);
			buildRules = (
			);
			dependencies = (
			);
			name = HelloTodo;
			productName = HelloTodo;
			productReference = 8D842B9D294B89410043F109 /* HelloTodo.app */;
			productType = "com.apple.product-type.application";
		};
/* End PBXNativeTarget section */

/* Begin PBXProject section */
		8D842B95294B89410043F109 /* Project object */ = {
			isa = PBXProject;
			attributes = {
				BuildIndependentTargetsInParallel = 1;
				LastSwiftUpdateCheck = 1400;
				LastUpgradeCheck = 1400;
				TargetAttributes = {
					8D842B9C294B89410043F109 = {
						CreatedOnToolsVersion = 14.0.1;
					};
				};
			};
			buildConfigurationList = 8D842B98294B89410043F109 /* Build configuration list for PBXProject "HelloTodo" */;
			compatibilityVersion = "Xcode 14.0";
			developmentRegion = en;
			hasScannedForEncodings = 0;
			knownRegions = (
				en,
				Base,
			);
			mainGroup = 8D842B94294B89410043F109;
			productRefGroup = 8D842B9E294B89410043F109 /* Products */;
			projectDirPath = "";
			projectRoot = "";
			targets = (
				8D842B9C294B89410043F109 /* HelloTodo */,
			);
		};
/* End PBXProject section */

/* Begin PBXResourcesBuildPhase section */
		8D842B9B294B89410043F109 /* Resources */ = {
			isa = PBXResourcesBuildPhase;
			buildActionMask = 2147483647;
			files = (
				8D842BA8294B89420043F109 /* Preview Assets.xcassets in Resources */,
				8D842BA5294B89420043F109 /* Assets.xcassets in Resources */,
			);
			runOnlyForDeploymentPostprocessing = 0;
		};
/* End PBXResourcesBuildPhase section */

/* Begin PBXSourcesBuildPhase section */
		8D842B99294B89410043F109 /* Sources */ = {
			isa = PBXSourcesBuildPhase;
			buildActionMask = 2147483647;
			files = (
				8DAFA9962950D2F700361425 /* TaskItemView.swift in Sources */,
				8D73803D295F667D009CD9F2 /* Array+Extensions.swift in Sources */,
				8D9BF957295DE6BA0047FDFB /* ErrorWrapper.swift in Sources */,
				8D842BB1294B8B1A0043F109 /* TodoListScreen.swift in Sources */,
				8D842BB4294B8BB00043F109 /* TaskItem.swift in Sources */,
				8DAFA9942950D24F00361425 /* TaskListView.swift in Sources */,
				8D842BA1294B89410043F109 /* HelloTodoApp.swift in Sources */,
				8D842BB6294B8C5C0043F109 /* Model.swift in Sources */,
				8D9BF959295DE6FD0047FDFB /* ErrorView.swift in Sources */,
			);
			runOnlyForDeploymentPostprocessing = 0;
		};
/* End PBXSourcesBuildPhase section */

/* Begin XCBuildConfiguration section */
		8D842BA9294B89420043F109 /* Debug */ = {
			isa = XCBuildConfiguration;
			buildSettings = {
				ALWAYS_SEARCH_USER_PATHS = NO;
				CLANG_ANALYZER_NONNULL = YES;
				CLANG_ANALYZER_NUMBER_OBJECT_CONVERSION = YES_AGGRESSIVE;
				CLANG_CXX_LANGUAGE_STANDARD = "gnu++20";
				CLANG_ENABLE_MODULES = YES;
				CLANG_ENABLE_OBJC_ARC = YES;
				CLANG_ENABLE_OBJC_WEAK = YES;
				CLANG_WARN_BLOCK_CAPTURE_AUTORELEASING = YES;
				CLANG_WARN_BOOL_CONVERSION = YES;
				CLANG_WARN_COMMA = YES;
				CLANG_WARN_CONSTANT_CONVERSION = YES;
				CLANG_WARN_DEPRECATED_OBJC_IMPLEMENTATIONS = YES;
				CLANG_WARN_DIRECT_OBJC_ISA_USAGE = YES_ERROR;
				CLANG_WARN_DOCUMENTATION_COMMENTS = YES;
				CLANG_WARN_EMPTY_BODY = YES;
				CLANG_WARN_ENUM_CONVERSION = YES;
				CLANG_WARN_INFINITE_RECURSION = YES;
				CLANG_WARN_INT_CONVERSION = YES;
				CLANG_WARN_NON_LITERAL_NULL_CONVERSION = YES;
				CLANG_WARN_OBJC_IMPLICIT_RETAIN_SELF = YES;
				CLANG_WARN_OBJC_LITERAL_CONVERSION = YES;
				CLANG_WARN_OBJC_ROOT_CLASS = YES_ERROR;
				CLANG_WARN_QUOTED_INCLUDE_IN_FRAMEWORK_HEADER = YES;
				CLANG_WARN_RANGE_LOOP_ANALYSIS = YES;
				CLANG_WARN_STRICT_PROTOTYPES = YES;
				CLANG_WARN_SUSPICIOUS_MOVE = YES;
				CLANG_WARN_UNGUARDED_AVAILABILITY = YES_AGGRESSIVE;
				CLANG_WARN_UNREACHABLE_CODE = YES;
				CLANG_WARN__DUPLICATE_METHOD_MATCH = YES;
				COPY_PHASE_STRIP = NO;
				DEBUG_INFORMATION_FORMAT = dwarf;
				ENABLE_STRICT_OBJC_MSGSEND = YES;
				ENABLE_TESTABILITY = YES;
				GCC_C_LANGUAGE_STANDARD = gnu11;
				GCC_DYNAMIC_NO_PIC = NO;
				GCC_NO_COMMON_BLOCKS = YES;
				GCC_OPTIMIZATION_LEVEL = 0;
				GCC_PREPROCESSOR_DEFINITIONS = (
					"DEBUG=1",
					"$(inherited)",
				);
				GCC_WARN_64_TO_32_BIT_CONVERSION = YES;
				GCC_WARN_ABOUT_RETURN_TYPE = YES_ERROR;
				GCC_WARN_UNDECLARED_SELECTOR = YES;
				GCC_WARN_UNINITIALIZED_AUTOS = YES_AGGRESSIVE;
				GCC_WARN_UNUSED_FUNCTION = YES;
				GCC_WARN_UNUSED_VARIABLE = YES;
				IPHONEOS_DEPLOYMENT_TARGET = 16.0;
				MTL_ENABLE_DEBUG_INFO = INCLUDE_SOURCE;
				MTL_FAST_MATH = YES;
				ONLY_ACTIVE_ARCH = YES;
				SDKROOT = iphoneos;
				SWIFT_ACTIVE_COMPILATION_CONDITIONS = DEBUG;
				SWIFT_OPTIMIZATION_LEVEL = "-Onone";
			};
			name = Debug;
		};
		8D842BAA294B89420043F109 /* Release */ = {
			isa = XCBuildConfiguration;
			buildSettings = {
				ALWAYS_SEARCH_USER_PATHS = NO;
				CLANG_ANALYZER_NONNULL = YES;
				CLANG_ANALYZER_NUMBER_OBJECT_CONVERSION = YES_AGGRESSIVE;
				CLANG_CXX_LANGUAGE_STANDARD = "gnu++20";
				CLANG_ENABLE_MODULES = YES;
				CLANG_ENABLE_OBJC_ARC = YES;
				CLANG_ENABLE_OBJC_WEAK = YES;
				CLANG_WARN_BLOCK_CAPTURE_AUTORELEASING = YES;
				CLANG_WARN_BOOL_CONVERSION = YES;
				CLANG_WARN_COMMA = YES;
				CLANG_WARN_CONSTANT_CONVERSION = YES;
				CLANG_WARN_DEPRECATED_OBJC_IMPLEMENTATIONS = YES;
				CLANG_WARN_DIRECT_OBJC_ISA_USAGE = YES_ERROR;
				CLANG_WARN_DOCUMENTATION_COMMENTS = YES;
				CLANG_WARN_EMPTY_BODY = YES;
				CLANG_WARN_ENUM_CONVERSION = YES;
				CLANG_WARN_INFINITE_RECURSION = YES;
				CLANG_WARN_INT_CONVERSION = YES;
				CLANG_WARN_NON_LITERAL_NULL_CONVERSION = YES;
				CLANG_WARN_OBJC_IMPLICIT_RETAIN_SELF = YES;
				CLANG_WARN_OBJC_LITERAL_CONVERSION = YES;
				CLANG_WARN_OBJC_ROOT_CLASS = YES_ERROR;
				CLANG_WARN_QUOTED_INCLUDE_IN_FRAMEWORK_HEADER = YES;
				CLANG_WARN_RANGE_LOOP_ANALYSIS = YES;
				CLANG_WARN_STRICT_PROTOTYPES = YES;
				CLANG_WARN_SUSPICIOUS_MOVE = YES;
				CLANG_WARN_UNGUARDED_AVAILABILITY = YES_AGGRESSIVE;
				CLANG_WARN_UNREACHABLE_CODE = YES;
				CLANG_WARN__DUPLICATE_METHOD_MATCH = YES;
				COPY_PHASE_STRIP = NO;
				DEBUG_INFORMATION_FORMAT = "dwarf-with-dsym";
				ENABLE_NS_ASSERTIONS = NO;
				ENABLE_STRICT_OBJC_MSGSEND = YES;
				GCC_C_LANGUAGE_STANDARD = gnu11;
				GCC_NO_COMMON_BLOCKS = YES;
				GCC_WARN_64_TO_32_BIT_CONVERSION = YES;
				GCC_WARN_ABOUT_RETURN_TYPE = YES_ERROR;
				GCC_WARN_UNDECLARED_SELECTOR = YES;
				GCC_WARN_UNINITIALIZED_AUTOS = YES_AGGRESSIVE;
				GCC_WARN_UNUSED_FUNCTION = YES;
				GCC_WARN_UNUSED_VARIABLE = YES;
				IPHONEOS_DEPLOYMENT_TARGET = 16.0;
				MTL_ENABLE_DEBUG_INFO = NO;
				MTL_FAST_MATH = YES;
				SDKROOT = iphoneos;
				SWIFT_COMPILATION_MODE = wholemodule;
				SWIFT_OPTIMIZATION_LEVEL = "-O";
				VALIDATE_PRODUCT = YES;
			};
			name = Release;
		};
		8D842BAC294B89420043F109 /* Debug */ = {
			isa = XCBuildConfiguration;
			buildSettings = {
				ASSETCATALOG_COMPILER_APPICON_NAME = AppIcon;
				ASSETCATALOG_COMPILER_GLOBAL_ACCENT_COLOR_NAME = AccentColor;
				CODE_SIGN_ENTITLEMENTS = HelloTodo/HelloTodo.entitlements;
				CODE_SIGN_STYLE = Automatic;
				CURRENT_PROJECT_VERSION = 1;
				DEVELOPMENT_ASSET_PATHS = "\"HelloTodo/Preview Content\"";
				DEVELOPMENT_TEAM = B2Q8EGNCQA;
				ENABLE_PREVIEWS = YES;
				GENERATE_INFOPLIST_FILE = YES;
				INFOPLIST_KEY_UIApplicationSceneManifest_Generation = YES;
				INFOPLIST_KEY_UIApplicationSupportsIndirectInputEvents = YES;
				INFOPLIST_KEY_UILaunchScreen_Generation = YES;
				INFOPLIST_KEY_UISupportedInterfaceOrientations_iPad = "UIInterfaceOrientationPortrait UIInterfaceOrientationPortraitUpsideDown UIInterfaceOrientationLandscapeLeft UIInterfaceOrientationLandscapeRight";
				INFOPLIST_KEY_UISupportedInterfaceOrientations_iPhone = "UIInterfaceOrientationPortrait UIInterfaceOrientationLandscapeLeft UIInterfaceOrientationLandscapeRight";
				LD_RUNPATH_SEARCH_PATHS = (
					"$(inherited)",
					"@executable_path/Frameworks",
				);
				MARKETING_VERSION = 1.0;
				PRODUCT_BUNDLE_IDENTIFIER = com.azamsharp.HelloTodo;
				PRODUCT_NAME = "$(TARGET_NAME)";
				SWIFT_EMIT_LOC_STRINGS = YES;
				SWIFT_VERSION = 5.0;
				TARGETED_DEVICE_FAMILY = "1,2";
			};
			name = Debug;
		};
		8D842BAD294B89420043F109 /* Release */ = {
			isa = XCBuildConfiguration;
			buildSettings = {
				ASSETCATALOG_COMPILER_APPICON_NAME = AppIcon;
				ASSETCATALOG_COMPILER_GLOBAL_ACCENT_COLOR_NAME = AccentColor;
				CODE_SIGN_ENTITLEMENTS = HelloTodo/HelloTodo.entitlements;
				CODE_SIGN_STYLE = Automatic;
				CURRENT_PROJECT_VERSION = 1;
				DEVELOPMENT_ASSET_PATHS = "\"HelloTodo/Preview Content\"";
				DEVELOPMENT_TEAM = B2Q8EGNCQA;
				ENABLE_PREVIEWS = YES;
				GENERATE_INFOPLIST_FILE = YES;
				INFOPLIST_KEY_UIApplicationSceneManifest_Generation = YES;
				INFOPLIST_KEY_UIApplicationSupportsIndirectInputEvents = YES;
				INFOPLIST_KEY_UILaunchScreen_Generation = YES;
				INFOPLIST_KEY_UISupportedInterfaceOrientations_iPad = "UIInterfaceOrientationPortrait UIInterfaceOrientationPortraitUpsideDown UIInterfaceOrientationLandscapeLeft UIInterfaceOrientationLandscapeRight";
				INFOPLIST_KEY_UISupportedInterfaceOrientations_iPhone = "UIInterfaceOrientationPortrait UIInterfaceOrientationLandscapeLeft UIInterfaceOrientationLandscapeRight";
				LD_RUNPATH_SEARCH_PATHS = (
					"$(inherited)",
					"@executable_path/Frameworks",
				);
				MARKETING_VERSION = 1.0;
				PRODUCT_BUNDLE_IDENTIFIER = com.azamsharp.HelloTodo;
				PRODUCT_NAME = "$(TARGET_NAME)";
				SWIFT_EMIT_LOC_STRINGS = YES;
				SWIFT_VERSION = 5.0;
				TARGETED_DEVICE_FAMILY = "1,2";
			};
			name = Release;
		};
/* End XCBuildConfiguration section */

/* Begin XCConfigurationList section */
		8D842B98294B89410043F109 /* Build configuration list for PBXProject "HelloTodo" */ = {
			isa = XCConfigurationList;
			buildConfigurations = (
				8D842BA9294B89420043F109 /* Debug */,
				8D842BAA294B89420043F109 /* Release */,
			);
			defaultConfigurationIsVisible = 0;
			defaultConfigurationName = Release;
		};
		8D842BAB294B89420043F109 /* Build configuration list for PBXNativeTarget "HelloTodo" */ = {
			isa = XCConfigurationList;
			buildConfigurations = (
				8D842BAC294B89420043F109 /* Debug */,
				8D842BAD294B89420043F109 /* Release */,
			);
			defaultConfigurationIsVisible = 0;
			defaultConfigurationName = Release;
		};
/* End XCConfigurationList section */
	};
	rootObject = 8D842B95294B89410043F109 /* Project object */;
}
